<?xml version="1.0" encoding="utf-8"?>
<Project ToolsVersion="4.0" xmlns="http://schemas.microsoft.com/developer/msbuild/2003">
  <ItemGroup>
    <Filter Include="Doc">
      <UniqueIdentifier>{041a1d9d-5672-44ab-bbee-e752fad5fbb5}</UniqueIdentifier>
    </Filter>
    <Filter Include="Resources">
      <UniqueIdentifier>{348935c6-8a42-424e-8e29-0ca5416f9139}</UniqueIdentifier>
    </Filter>
    <Filter Include="Support">
      <UniqueIdentifier>{55ac4131-357c-44bc-b6f8-ea2a697b8382}</UniqueIdentifier>
    </Filter>
  </ItemGroup>
  <ItemGroup>
    <ClInclude Include="resource.h">
      <Filter>Resources</Filter>
    </ClInclude>
    <ClInclude Include="..\IDA_Support\Utility\Utility.h">
      <Filter>Support</Filter>
    </ClInclude>
    <ClInclude Include="StdAfx.h" />
  </ItemGroup>
  <ItemGroup>
    <Media Include="Click.wav">
      <Filter>Resources</Filter>
    </Media>
    <Media Include="Error.wav">
      <Filter>Resources</Filter>
    </Media>
  </ItemGroup>
  <ItemGroup>
    <ResourceCompile Include="Plugin DLL.rc">
      <Filter>Resources</Filter>
    </ResourceCompile>
  </ItemGroup>
  <ItemGroup>
    <ClCompile Include="main.cpp" />
    <ClCompile Include="..\IDA_Support\Utility\Utility.cpp">
      <Filter>Support</Filter>
    </ClCompile>
    <ClCompile Include="StubRenamer.cpp" />
  </ItemGroup>
  <ItemGroup>
    <Text Include="LocalData\ScratchPad.txt">
      <Filter>Doc</Filter>
    </Text>
  </ItemGroup>
</Project>